
Microsoft Visual Studio Solution File, Format Version 10.00
# Visual Studio 2008
Project("{54435603-DBB4-11D2-8724-00A0C9A8B90C}") = "Alert and Convert 1.5", "Alert and Convert 1.5.vdproj", "{EECF7C06-70ED-4982-8C5E-149500D31D10}"
EndProject
Global
	GlobalSection(SolutionConfigurationPlatforms) = preSolution
		Debug|Default = Debug|Default
		Release|Default = Release|Default
	EndGlobalSection
	GlobalSection(ProjectConfigurationPlatforms) = postSolution
		{EECF7C06-70ED-4982-8C5E-149500D31D10}.Debug|Default.ActiveCfg = Debug
		{EECF7C06-70ED-4982-8C5E-149500D31D10}.Debug|Default.Build.0 = Debug
		{EECF7C06-70ED-4982-8C5E-149500D31D10}.Release|Default.ActiveCfg = Release
		{EECF7C06-70ED-4982-8C5E-149500D31D10}.Release|Default.Build.0 = Release
	EndGlobalSection
	GlobalSection(SolutionProperties) = preSolution
		HideSolutionNode = FALSE
	EndGlobalSection
EndGlobal
